
Microsoft Visual Studio Solution File, Format Version 12.00
Project("{FAE04EC0-301F-11D3-BF4B-00C04F79EFBC}") = "AdventOfCode2025", "AdventOfCode2025\AdventOfCode2025.csproj", "{B5D14D1B-018F-4781-B5E3-EC4B459AA985}"
EndProject
Project("{FAE04EC0-301F-11D3-BF4B-00C04F79EFBC}") = "AdventOfCode2025.Tests", "AdventOfCode2025.Tests\AdventOfCode2025.Tests.csproj", "{C3FB15BF-74C9-4C02-A98A-498D2557F496}"
EndProject
Global
	GlobalSection(SolutionConfigurationPlatforms) = preSolution
		Debug|Any CPU = Debug|Any CPU
		Release|Any CPU = Release|Any CPU
	EndGlobalSection
	GlobalSection(ProjectConfigurationPlatforms) = postSolution
		{B5D14D1B-018F-4781-B5E3-EC4B459AA985}.Debug|Any CPU.ActiveCfg = Debug|Any CPU
		{B5D14D1B-018F-4781-B5E3-EC4B459AA985}.Debug|Any CPU.Build.0 = Debug|Any CPU
		{B5D14D1B-018F-4781-B5E3-EC4B459AA985}.Release|Any CPU.ActiveCfg = Release|Any CPU
		{B5D14D1B-018F-4781-B5E3-EC4B459AA985}.Release|Any CPU.Build.0 = Release|Any CPU
		{C3FB15BF-74C9-4C02-A98A-498D2557F496}.Debug|Any CPU.ActiveCfg = Debug|Any CPU
		{C3FB15BF-74C9-4C02-A98A-498D2557F496}.Debug|Any CPU.Build.0 = Debug|Any CPU
		{C3FB15BF-74C9-4C02-A98A-498D2557F496}.Release|Any CPU.ActiveCfg = Release|Any CPU
		{C3FB15BF-74C9-4C02-A98A-498D2557F496}.Release|Any CPU.Build.0 = Release|Any CPU
	EndGlobalSection
EndGlobal
